
Microsoft Visual Studio Solution File, Format Version 12.00
# Visual Studio Version 17
VisualStudioVersion = 17.10.35027.167
MinimumVisualStudioVersion = 10.0.40219.1
Project("{9A19103F-16F7-4668-BE54-9A1E7A4F7556}") = "Servicio_detectar_imagenes", "Servicio_detectar_imagenes\Servicio_detectar_imagenes.csproj", "{47532799-3157-49FE-9FF6-25CF7EE8DCF1}"
EndProject
Project("{9A19103F-16F7-4668-BE54-9A1E7A4F7556}") = "C_Servicio_detectar", "C_Servicio_detectar_imagenes\C_Servicio_detectar.csproj", "{A3A34F8B-6362-466E-A505-7F15683A7252}"
EndProject
Project("{9A19103F-16F7-4668-BE54-9A1E7A4F7556}") = "M_Servicio_detectar", "M_Servicio_detectar_imagenes\M_Servicio_detectar.csproj", "{BED52FF4-CFC0-4CDD-A2C4-D374354A5875}"
EndProject
Global
	GlobalSection(SolutionConfigurationPlatforms) = preSolution
		Debug|Any CPU = Debug|Any CPU
		Release|Any CPU = Release|Any CPU
	EndGlobalSection
	GlobalSection(ProjectConfigurationPlatforms) = postSolution
		{47532799-3157-49FE-9FF6-25CF7EE8DCF1}.Debug|Any CPU.ActiveCfg = Debug|Any CPU
		{47532799-3157-49FE-9FF6-25CF7EE8DCF1}.Debug|Any CPU.Build.0 = Debug|Any CPU
		{47532799-3157-49FE-9FF6-25CF7EE8DCF1}.Release|Any CPU.ActiveCfg = Release|Any CPU
		{47532799-3157-49FE-9FF6-25CF7EE8DCF1}.Release|Any CPU.Build.0 = Release|Any CPU
		{A3A34F8B-6362-466E-A505-7F15683A7252}.Debug|Any CPU.ActiveCfg = Debug|Any CPU
		{A3A34F8B-6362-466E-A505-7F15683A7252}.Debug|Any CPU.Build.0 = Debug|Any CPU
		{A3A34F8B-6362-466E-A505-7F15683A7252}.Release|Any CPU.ActiveCfg = Release|Any CPU
		{A3A34F8B-6362-466E-A505-7F15683A7252}.Release|Any CPU.Build.0 = Release|Any CPU
		{BED52FF4-CFC0-4CDD-A2C4-D374354A5875}.Debug|Any CPU.ActiveCfg = Debug|Any CPU
		{BED52FF4-CFC0-4CDD-A2C4-D374354A5875}.Debug|Any CPU.Build.0 = Debug|Any CPU
		{BED52FF4-CFC0-4CDD-A2C4-D374354A5875}.Release|Any CPU.ActiveCfg = Release|Any CPU
		{BED52FF4-CFC0-4CDD-A2C4-D374354A5875}.Release|Any CPU.Build.0 = Release|Any CPU
	EndGlobalSection
	GlobalSection(SolutionProperties) = preSolution
		HideSolutionNode = FALSE
	EndGlobalSection
	GlobalSection(ExtensibilityGlobals) = postSolution
		SolutionGuid = {57561529-1825-440A-8A5C-2A61DC8596FE}
	EndGlobalSection
EndGlobal
